
Microsoft Visual Studio Solution File, Format Version 12.00
# Visual Studio Version 17
VisualStudioVersion = 17.7.34031.279
MinimumVisualStudioVersion = 10.0.40219.1
Project("{9A19103F-16F7-4668-BE54-9A1E7A4F7556}") = "Gazi.HelloWorldAppSube3", "Gazi.HelloWorldAppSube3\Gazi.HelloWorldAppSube3.csproj", "{4EA70F37-4770-4F38-A1EE-597BF988BC3C}"
EndProject
Project("{9A19103F-16F7-4668-BE54-9A1E7A4F7556}") = "Gazi.KararYapilari", "Gazi.KararYapilari\Gazi.KararYapilari.csproj", "{24F7DD18-395C-4E8E-971E-2AE234E2D310}"
EndProject
Project("{FAE04EC0-301F-11D3-BF4B-00C04F79EFBC}") = "Gazi.DongulerAppSube3", "Gazi.DongulerAppSube3\Gazi.DongulerAppSube3.csproj", "{0A1D9024-DAA7-4112-912B-9073B293C471}"
EndProject
Global
	GlobalSection(SolutionConfigurationPlatforms) = preSolution
		Debug|Any CPU = Debug|Any CPU
		Release|Any CPU = Release|Any CPU
	EndGlobalSection
	GlobalSection(ProjectConfigurationPlatforms) = postSolution
		{4EA70F37-4770-4F38-A1EE-597BF988BC3C}.Debug|Any CPU.ActiveCfg = Debug|Any CPU
		{4EA70F37-4770-4F38-A1EE-597BF988BC3C}.Debug|Any CPU.Build.0 = Debug|Any CPU
		{4EA70F37-4770-4F38-A1EE-597BF988BC3C}.Release|Any CPU.ActiveCfg = Release|Any CPU
		{4EA70F37-4770-4F38-A1EE-597BF988BC3C}.Release|Any CPU.Build.0 = Release|Any CPU
		{24F7DD18-395C-4E8E-971E-2AE234E2D310}.Debug|Any CPU.ActiveCfg = Debug|Any CPU
		{24F7DD18-395C-4E8E-971E-2AE234E2D310}.Debug|Any CPU.Build.0 = Debug|Any CPU
		{24F7DD18-395C-4E8E-971E-2AE234E2D310}.Release|Any CPU.ActiveCfg = Release|Any CPU
		{24F7DD18-395C-4E8E-971E-2AE234E2D310}.Release|Any CPU.Build.0 = Release|Any CPU
		{0A1D9024-DAA7-4112-912B-9073B293C471}.Debug|Any CPU.ActiveCfg = Debug|Any CPU
		{0A1D9024-DAA7-4112-912B-9073B293C471}.Debug|Any CPU.Build.0 = Debug|Any CPU
		{0A1D9024-DAA7-4112-912B-9073B293C471}.Release|Any CPU.ActiveCfg = Release|Any CPU
		{0A1D9024-DAA7-4112-912B-9073B293C471}.Release|Any CPU.Build.0 = Release|Any CPU
	EndGlobalSection
	GlobalSection(SolutionProperties) = preSolution
		HideSolutionNode = FALSE
	EndGlobalSection
	GlobalSection(ExtensibilityGlobals) = postSolution
		SolutionGuid = {D2D80BBC-9AAB-428A-824E-B21909C15087}
	EndGlobalSection
EndGlobal
